
Microsoft Visual Studio Solution File, Format Version 12.00
# Visual Studio Version 17
VisualStudioVersion = 17.12.35527.113
MinimumVisualStudioVersion = 10.0.40219.1
Project("{FAE04EC0-301F-11D3-BF4B-00C04F79EFBC}") = "Betelgeuse", "Betelgeuse\Betelgeuse.csproj", "{925D9D25-63BB-44E7-B7EF-99CD3625AA56}"
EndProject
Project("{FAE04EC0-301F-11D3-BF4B-00C04F79EFBC}") = "AsynchronousServer", "AsynchronousServer\AsynchronousServer.csproj", "{7093C372-04BE-4EE6-9908-AE6BC6047230}"
EndProject
Project("{FAE04EC0-301F-11D3-BF4B-00C04F79EFBC}") = "Standard", "Standard\Standard.csproj", "{E2A31692-CACC-40E1-BCA3-63217C301A7B}"
EndProject
Project("{FAE04EC0-301F-11D3-BF4B-00C04F79EFBC}") = "Security", "Security\Security.csproj", "{EEFB9190-C434-4BD0-BA1F-3443F9DBF6F3}"
EndProject
Global
	GlobalSection(SolutionConfigurationPlatforms) = preSolution
		Debug|Any CPU = Debug|Any CPU
		Release|Any CPU = Release|Any CPU
	EndGlobalSection
	GlobalSection(ProjectConfigurationPlatforms) = postSolution
		{925D9D25-63BB-44E7-B7EF-99CD3625AA56}.Debug|Any CPU.ActiveCfg = Debug|Any CPU
		{925D9D25-63BB-44E7-B7EF-99CD3625AA56}.Debug|Any CPU.Build.0 = Debug|Any CPU
		{925D9D25-63BB-44E7-B7EF-99CD3625AA56}.Release|Any CPU.ActiveCfg = Release|Any CPU
		{925D9D25-63BB-44E7-B7EF-99CD3625AA56}.Release|Any CPU.Build.0 = Release|Any CPU
		{7093C372-04BE-4EE6-9908-AE6BC6047230}.Debug|Any CPU.ActiveCfg = Debug|Any CPU
		{7093C372-04BE-4EE6-9908-AE6BC6047230}.Debug|Any CPU.Build.0 = Debug|Any CPU
		{7093C372-04BE-4EE6-9908-AE6BC6047230}.Release|Any CPU.ActiveCfg = Release|Any CPU
		{7093C372-04BE-4EE6-9908-AE6BC6047230}.Release|Any CPU.Build.0 = Release|Any CPU
		{E2A31692-CACC-40E1-BCA3-63217C301A7B}.Debug|Any CPU.ActiveCfg = Debug|Any CPU
		{E2A31692-CACC-40E1-BCA3-63217C301A7B}.Debug|Any CPU.Build.0 = Debug|Any CPU
		{E2A31692-CACC-40E1-BCA3-63217C301A7B}.Release|Any CPU.ActiveCfg = Release|Any CPU
		{E2A31692-CACC-40E1-BCA3-63217C301A7B}.Release|Any CPU.Build.0 = Release|Any CPU
		{EEFB9190-C434-4BD0-BA1F-3443F9DBF6F3}.Debug|Any CPU.ActiveCfg = Debug|Any CPU
		{EEFB9190-C434-4BD0-BA1F-3443F9DBF6F3}.Debug|Any CPU.Build.0 = Debug|Any CPU
		{EEFB9190-C434-4BD0-BA1F-3443F9DBF6F3}.Release|Any CPU.ActiveCfg = Release|Any CPU
		{EEFB9190-C434-4BD0-BA1F-3443F9DBF6F3}.Release|Any CPU.Build.0 = Release|Any CPU
	EndGlobalSection
	GlobalSection(SolutionProperties) = preSolution
		HideSolutionNode = FALSE
	EndGlobalSection
EndGlobal
